
Microsoft Visual Studio Solution File, Format Version 12.00
# Visual Studio 15
VisualStudioVersion = 15.0.27428.2002
MinimumVisualStudioVersion = 10.0.40219.1
Project("{FAE04EC0-301F-11D3-BF4B-00C04F79EFBC}") = "BidDist", "BidDist\BidDist.csproj", "{3E13E308-9270-4566-8A2D-9AF5DE5DDBAE}"
EndProject
Global
	GlobalSection(SolutionConfigurationPlatforms) = preSolution
		Debug|Any CPU = Debug|Any CPU
		Release|Any CPU = Release|Any CPU
	EndGlobalSection
	GlobalSection(ProjectConfigurationPlatforms) = postSolution
		{3E13E308-9270-4566-8A2D-9AF5DE5DDBAE}.Debug|Any CPU.ActiveCfg = Debug|Any CPU
		{3E13E308-9270-4566-8A2D-9AF5DE5DDBAE}.Debug|Any CPU.Build.0 = Debug|Any CPU
		{3E13E308-9270-4566-8A2D-9AF5DE5DDBAE}.Release|Any CPU.ActiveCfg = Release|Any CPU
		{3E13E308-9270-4566-8A2D-9AF5DE5DDBAE}.Release|Any CPU.Build.0 = Release|Any CPU
	EndGlobalSection
	GlobalSection(SolutionProperties) = preSolution
		HideSolutionNode = FALSE
	EndGlobalSection
	GlobalSection(ExtensibilityGlobals) = postSolution
		SolutionGuid = {13B89998-C405-43A8-8BEE-028F4AE597F4}
	EndGlobalSection
EndGlobal
