Microsoft Visual Studio Solution File, Format Version 12.00
# Visual Studio 15
VisualStudioVersion = 15.0.27428.2002
MinimumVisualStudioVersion = 10.0.40219.1
Project("{9A19103F-16F7-4668-BE54-9A1E7A4F7556}") = "BidDist", "BidDist\BidDist.csproj", "{3E13E308-9270-4566-8A2D-9AF5DE5DDBAE}"
EndProject
Project("{9A19103F-16F7-4668-BE54-9A1E7A4F7556}") = "BidDist.Tests", "BidDist.Tests\BidDist.Tests.csproj", "{3ADEB8D3-9951-41F1-9CE9-7DB177D1EB9F}"
EndProject
Global
	GlobalSection(SolutionConfigurationPlatforms) = preSolution
		Debug|Any CPU = Debug|Any CPU
		Debug|x64 = Debug|x64
		Debug|x86 = Debug|x86
		Release|Any CPU = Release|Any CPU
		Release|x64 = Release|x64
		Release|x86 = Release|x86
	EndGlobalSection
	GlobalSection(ProjectConfigurationPlatforms) = postSolution
		{3E13E308-9270-4566-8A2D-9AF5DE5DDBAE}.Debug|Any CPU.ActiveCfg = Debug|Any CPU
		{3E13E308-9270-4566-8A2D-9AF5DE5DDBAE}.Debug|Any CPU.Build.0 = Debug|Any CPU
		{3E13E308-9270-4566-8A2D-9AF5DE5DDBAE}.Debug|x64.ActiveCfg = Debug|Any CPU
		{3E13E308-9270-4566-8A2D-9AF5DE5DDBAE}.Debug|x64.Build.0 = Debug|Any CPU
		{3E13E308-9270-4566-8A2D-9AF5DE5DDBAE}.Debug|x86.ActiveCfg = Debug|Any CPU
		{3E13E308-9270-4566-8A2D-9AF5DE5DDBAE}.Debug|x86.Build.0 = Debug|Any CPU
		{3E13E308-9270-4566-8A2D-9AF5DE5DDBAE}.Release|Any CPU.ActiveCfg = Release|Any CPU
		{3E13E308-9270-4566-8A2D-9AF5DE5DDBAE}.Release|Any CPU.Build.0 = Release|Any CPU
		{3E13E308-9270-4566-8A2D-9AF5DE5DDBAE}.Release|x64.ActiveCfg = Release|Any CPU
		{3E13E308-9270-4566-8A2D-9AF5DE5DDBAE}.Release|x64.Build.0 = Release|Any CPU
		{3E13E308-9270-4566-8A2D-9AF5DE5DDBAE}.Release|x86.ActiveCfg = Release|Any CPU
		{3E13E308-9270-4566-8A2D-9AF5DE5DDBAE}.Release|x86.Build.0 = Release|Any CPU
		{3ADEB8D3-9951-41F1-9CE9-7DB177D1EB9F}.Debug|Any CPU.ActiveCfg = Debug|Any CPU
		{3ADEB8D3-9951-41F1-9CE9-7DB177D1EB9F}.Debug|Any CPU.Build.0 = Debug|Any CPU
		{3ADEB8D3-9951-41F1-9CE9-7DB177D1EB9F}.Debug|x64.ActiveCfg = Debug|Any CPU
		{3ADEB8D3-9951-41F1-9CE9-7DB177D1EB9F}.Debug|x64.Build.0 = Debug|Any CPU
		{3ADEB8D3-9951-41F1-9CE9-7DB177D1EB9F}.Debug|x86.ActiveCfg = Debug|Any CPU
		{3ADEB8D3-9951-41F1-9CE9-7DB177D1EB9F}.Debug|x86.Build.0 = Debug|Any CPU
		{3ADEB8D3-9951-41F1-9CE9-7DB177D1EB9F}.Release|Any CPU.ActiveCfg = Release|Any CPU
		{3ADEB8D3-9951-41F1-9CE9-7DB177D1EB9F}.Release|Any CPU.Build.0 = Release|Any CPU
		{3ADEB8D3-9951-41F1-9CE9-7DB177D1EB9F}.Release|x64.ActiveCfg = Release|Any CPU
		{3ADEB8D3-9951-41F1-9CE9-7DB177D1EB9F}.Release|x64.Build.0 = Release|Any CPU
		{3ADEB8D3-9951-41F1-9CE9-7DB177D1EB9F}.Release|x86.ActiveCfg = Release|Any CPU
		{3ADEB8D3-9951-41F1-9CE9-7DB177D1EB9F}.Release|x86.Build.0 = Release|Any CPU
	EndGlobalSection
	GlobalSection(SolutionProperties) = preSolution
		HideSolutionNode = FALSE
	EndGlobalSection
	GlobalSection(ExtensibilityGlobals) = postSolution
		SolutionGuid = {13B89998-C405-43A8-8BEE-028F4AE597F4}
	EndGlobalSection
EndGlobal
